// !$*UTF8*$!
{
	archiveVersion = 1;
	classes = {
	};
	objectVersion = 50;
	objects = {

/* Begin PBXBuildFile section */
		CD54C1FB257C2F7600BF9275 /* AppDelegate.swift in Sources */ = {isa = PBXBuildFile; fileRef = CD54C1FA257C2F7600BF9275 /* AppDelegate.swift */; };
		CD54C1FD257C2F7600BF9275 /* SceneDelegate.swift in Sources */ = {isa = PBXBuildFile; fileRef = CD54C1FC257C2F7600BF9275 /* SceneDelegate.swift */; };
		CD54C202257C2F7600BF9275 /* Main.storyboard in Resources */ = {isa = PBXBuildFile; fileRef = CD54C200257C2F7600BF9275 /* Main.storyboard */; };
		CD54C205257C2F7600BF9275 /* TodoList.xcdatamodeld in Sources */ = {isa = PBXBuildFile; fileRef = CD54C203257C2F7600BF9275 /* TodoList.xcdatamodeld */; };
		CD54C207257C2F7700BF9275 /* Assets.xcassets in Resources */ = {isa = PBXBuildFile; fileRef = CD54C206257C2F7700BF9275 /* Assets.xcassets */; };
		CD54C20A257C2F7700BF9275 /* LaunchScreen.storyboard in Resources */ = {isa = PBXBuildFile; fileRef = CD54C208257C2F7700BF9275 /* LaunchScreen.storyboard */; };
		CD54C214257C323C00BF9275 /* ToDo.swift in Sources */ = {isa = PBXBuildFile; fileRef = CD54C213257C323C00BF9275 /* ToDo.swift */; };
		CD54C217257C33A800BF9275 /* ToDoTableViewController.swift in Sources */ = {isa = PBXBuildFile; fileRef = CD54C216257C33A800BF9275 /* ToDoTableViewController.swift */; };
		CD54C21A257C7BFB00BF9275 /* AddToDoViewController.swift in Sources */ = {isa = PBXBuildFile; fileRef = CD54C219257C7BFB00BF9275 /* AddToDoViewController.swift */; };
		CD54C21D257C89D900BF9275 /* ToDoDetailsViewController.swift in Sources */ = {isa = PBXBuildFile; fileRef = CD54C21C257C89D900BF9275 /* ToDoDetailsViewController.swift */; };
/* End PBXBuildFile section */

/* Begin PBXFileReference section */
		CD54C1F7257C2F7600BF9275 /* TodoList.app */ = {isa = PBXFileReference; explicitFileType = wrapper.application; includeInIndex = 0; path = TodoList.app; sourceTree = BUILT_PRODUCTS_DIR; };
		CD54C1FA257C2F7600BF9275 /* AppDelegate.swift */ = {isa = PBXFileReference; lastKnownFileType = sourcecode.swift; path = AppDelegate.swift; sourceTree = "<group>"; };
		CD54C1FC257C2F7600BF9275 /* SceneDelegate.swift */ = {isa = PBXFileReference; lastKnownFileType = sourcecode.swift; path = SceneDelegate.swift; sourceTree = "<group>"; };
		CD54C201257C2F7600BF9275 /* Base */ = {isa = PBXFileReference; lastKnownFileType = file.storyboard; name = Base; path = Base.lproj/Main.storyboard; sourceTree = "<group>"; };
		CD54C204257C2F7600BF9275 /* TodoList.xcdatamodel */ = {isa = PBXFileReference; lastKnownFileType = wrapper.xcdatamodel; path = TodoList.xcdatamodel; sourceTree = "<group>"; };
		CD54C206257C2F7700BF9275 /* Assets.xcassets */ = {isa = PBXFileReference; lastKnownFileType = folder.assetcatalog; path = Assets.xcassets; sourceTree = "<group>"; };
		CD54C209257C2F7700BF9275 /* Base */ = {isa = PBXFileReference; lastKnownFileType = file.storyboard; name = Base; path = Base.lproj/LaunchScreen.storyboard; sourceTree = "<group>"; };
		CD54C20B257C2F7700BF9275 /* Info.plist */ = {isa = PBXFileReference; lastKnownFileType = text.plist.xml; path = Info.plist; sourceTree = "<group>"; };
		CD54C213257C323C00BF9275 /* ToDo.swift */ = {isa = PBXFileReference; lastKnownFileType = sourcecode.swift; path = ToDo.swift; sourceTree = "<group>"; };
		CD54C216257C33A800BF9275 /* ToDoTableViewController.swift */ = {isa = PBXFileReference; lastKnownFileType = sourcecode.swift; path = ToDoTableViewController.swift; sourceTree = "<group>"; };
		CD54C219257C7BFB00BF9275 /* AddToDoViewController.swift */ = {isa = PBXFileReference; lastKnownFileType = sourcecode.swift; path = AddToDoViewController.swift; sourceTree = "<group>"; };
		CD54C21C257C89D900BF9275 /* ToDoDetailsViewController.swift */ = {isa = PBXFileReference; lastKnownFileType = sourcecode.swift; path = ToDoDetailsViewController.swift; sourceTree = "<group>"; };
/* End PBXFileReference section */

/* Begin PBXFrameworksBuildPhase section */
		CD54C1F4257C2F7600BF9275 /* Frameworks */ = {
			isa = PBXFrameworksBuildPhase;
			buildActionMask = 2147483647;
			files = (
			);
			runOnlyForDeploymentPostprocessing = 0;
		};
/* End PBXFrameworksBuildPhase section */

/* Begin PBXGroup section */
		CD54C1EE257C2F7600BF9275 = {
			isa = PBXGroup;
			children = (
				CD54C1F9257C2F7600BF9275 /* TodoList */,
				CD54C1F8257C2F7600BF9275 /* Products */,
			);
			sourceTree = "<group>";
		};
		CD54C1F8257C2F7600BF9275 /* Products */ = {
			isa = PBXGroup;
			children = (
				CD54C1F7257C2F7600BF9275 /* TodoList.app */,
			);
			name = Products;
			sourceTree = "<group>";
		};
		CD54C1F9257C2F7600BF9275 /* TodoList */ = {
			isa = PBXGroup;
			children = (
				CD54C1FA257C2F7600BF9275 /* AppDelegate.swift */,
				CD54C1FC257C2F7600BF9275 /* SceneDelegate.swift */,
				CD54C200257C2F7600BF9275 /* Main.storyboard */,
				CD54C21C257C89D900BF9275 /* ToDoDetailsViewController.swift */,
				CD54C219257C7BFB00BF9275 /* AddToDoViewController.swift */,
				CD54C213257C323C00BF9275 /* ToDo.swift */,
				CD54C216257C33A800BF9275 /* ToDoTableViewController.swift */,
				CD54C206257C2F7700BF9275 /* Assets.xcassets */,
				CD54C208257C2F7700BF9275 /* LaunchScreen.storyboard */,
				CD54C20B257C2F7700BF9275 /* Info.plist */,
				CD54C203257C2F7600BF9275 /* TodoList.xcdatamodeld */,
			);
			path = TodoList;
			sourceTree = "<group>";
		};
/* End PBXGroup section */

/* Begin PBXNativeTarget section */
		CD54C1F6257C2F7600BF9275 /* TodoList */ = {
			isa = PBXNativeTarget;
			buildConfigurationList = CD54C20E257C2F7700BF9275 /* Build configuration list for PBXNativeTarget "TodoList" */;
			buildPhases = (
				CD54C1F3257C2F7600BF9275 /* Sources */,
				CD54C1F4257C2F7600BF9275 /* Frameworks */,
				CD54C1F5257C2F7600BF9275 /* Resources */,
			);
			buildRules = (
			);
			dependencies = (
			);
			name = TodoList;
			productName = TodoList;
			productReference = CD54C1F7257C2F7600BF9275 /* TodoList.app */;
			productType = "com.apple.product-type.application";
		};
/* End PBXNativeTarget section */

/* Begin PBXProject section */
		CD54C1EF257C2F7600BF9275 /* Project object */ = {
			isa = PBXProject;
			attributes = {
				LastSwiftUpdateCheck = 1220;
				LastUpgradeCheck = 1220;
				TargetAttributes = {
					CD54C1F6257C2F7600BF9275 = {
						CreatedOnToolsVersion = 12.2;
					};
				};
			};
			buildConfigurationList = CD54C1F2257C2F7600BF9275 /* Build configuration list for PBXProject "TodoList" */;
			compatibilityVersion = "Xcode 9.3";
			developmentRegion = en;
			hasScannedForEncodings = 0;
			knownRegions = (
				en,
				Base,
			);
			mainGroup = CD54C1EE257C2F7600BF9275;
			productRefGroup = CD54C1F8257C2F7600BF9275 /* Products */;
			projectDirPath = "";
			projectRoot = "";
			targets = (
				CD54C1F6257C2F7600BF9275 /* TodoList */,
			);
		};
/* End PBXProject section */

/* Begin PBXResourcesBuildPhase section */
		CD54C1F5257C2F7600BF9275 /* Resources */ = {
			isa = PBXResourcesBuildPhase;
			buildActionMask = 2147483647;
			files = (
				CD54C20A257C2F7700BF9275 /* LaunchScreen.storyboard in Resources */,
				CD54C207257C2F7700BF9275 /* Assets.xcassets in Resources */,
				CD54C202257C2F7600BF9275 /* Main.storyboard in Resources */,
			);
			runOnlyForDeploymentPostprocessing = 0;
		};
/* End PBXResourcesBuildPhase section */

/* Begin PBXSourcesBuildPhase section */
		CD54C1F3257C2F7600BF9275 /* Sources */ = {
			isa = PBXSourcesBuildPhase;
			buildActionMask = 2147483647;
			files = (
				CD54C1FB257C2F7600BF9275 /* AppDelegate.swift in Sources */,
				CD54C21D257C89D900BF9275 /* ToDoDetailsViewController.swift in Sources */,
				CD54C1FD257C2F7600BF9275 /* SceneDelegate.swift in Sources */,
				CD54C205257C2F7600BF9275 /* TodoList.xcdatamodeld in Sources */,
				CD54C214257C323C00BF9275 /* ToDo.swift in Sources */,
				CD54C21A257C7BFB00BF9275 /* AddToDoViewController.swift in Sources */,
				CD54C217257C33A800BF9275 /* ToDoTableViewController.swift in Sources */,
			);
			runOnlyForDeploymentPostprocessing = 0;
		};
/* End PBXSourcesBuildPhase section */

/* Begin PBXVariantGroup section */
		CD54C200257C2F7600BF9275 /* Main.storyboard */ = {
			isa = PBXVariantGroup;
			children = (
				CD54C201257C2F7600BF9275 /* Base */,
			);
			name = Main.storyboard;
			sourceTree = "<group>";
		};
		CD54C208257C2F7700BF9275 /* LaunchScreen.storyboard */ = {
			isa = PBXVariantGroup;
			children = (
				CD54C209257C2F7700BF9275 /* Base */,
			);
			name = LaunchScreen.storyboard;
			sourceTree = "<group>";
		};
/* End PBXVariantGroup section */

/* Begin XCBuildConfiguration section */
		CD54C20C257C2F7700BF9275 /* Debug */ = {
			isa = XCBuildConfiguration;
			buildSettings = {
				ALWAYS_SEARCH_USER_PATHS = NO;
				CLANG_ANALYZER_NONNULL = YES;
				CLANG_ANALYZER_NUMBER_OBJECT_CONVERSION = YES_AGGRESSIVE;
				CLANG_CXX_LANGUAGE_STANDARD = "gnu++14";
				CLANG_CXX_LIBRARY = "libc++";
				CLANG_ENABLE_MODULES = YES;
				CLANG_ENABLE_OBJC_ARC = YES;
				CLANG_ENABLE_OBJC_WEAK = YES;
				CLANG_WARN_BLOCK_CAPTURE_AUTORELEASING = YES;
				CLANG_WARN_BOOL_CONVERSION = YES;
				CLANG_WARN_COMMA = YES;
				CLANG_WARN_CONSTANT_CONVERSION = YES;
				CLANG_WARN_DEPRECATED_OBJC_IMPLEMENTATIONS = YES;
				CLANG_WARN_DIRECT_OBJC_ISA_USAGE = YES_ERROR;
				CLANG_WARN_DOCUMENTATION_COMMENTS = YES;
				CLANG_WARN_EMPTY_BODY = YES;
				CLANG_WARN_ENUM_CONVERSION = YES;
				CLANG_WARN_INFINITE_RECURSION = YES;
				CLANG_WARN_INT_CONVERSION = YES;
				CLANG_WARN_NON_LITERAL_NULL_CONVERSION = YES;
				CLANG_WARN_OBJC_IMPLICIT_RETAIN_SELF = YES;
				CLANG_WARN_OBJC_LITERAL_CONVERSION = YES;
				CLANG_WARN_OBJC_ROOT_CLASS = YES_ERROR;
				CLANG_WARN_QUOTED_INCLUDE_IN_FRAMEWORK_HEADER = YES;
				CLANG_WARN_RANGE_LOOP_ANALYSIS = YES;
				CLANG_WARN_STRICT_PROTOTYPES = YES;
				CLANG_WARN_SUSPICIOUS_MOVE = YES;
				CLANG_WARN_UNGUARDED_AVAILABILITY = YES_AGGRESSIVE;
				CLANG_WARN_UNREACHABLE_CODE = YES;
				CLANG_WARN__DUPLICATE_METHOD_MATCH = YES;
				COPY_PHASE_STRIP = NO;
				DEBUG_INFORMATION_FORMAT = dwarf;
				ENABLE_STRICT_OBJC_MSGSEND = YES;
				ENABLE_TESTABILITY = YES;
				GCC_C_LANGUAGE_STANDARD = gnu11;
				GCC_DYNAMIC_NO_PIC = NO;
				GCC_NO_COMMON_BLOCKS = YES;
				GCC_OPTIMIZATION_LEVEL = 0;
				GCC_PREPROCESSOR_DEFINITIONS = (
					"DEBUG=1",
					"$(inherited)",
				);
				GCC_WARN_64_TO_32_BIT_CONVERSION = YES;
				GCC_WARN_ABOUT_RETURN_TYPE = YES_ERROR;
				GCC_WARN_UNDECLARED_SELECTOR = YES;
				GCC_WARN_UNINITIALIZED_AUTOS = YES_AGGRESSIVE;
				GCC_WARN_UNUSED_FUNCTION = YES;
				GCC_WARN_UNUSED_VARIABLE = YES;
				IPHONEOS_DEPLOYMENT_TARGET = 14.2;
				MTL_ENABLE_DEBUG_INFO = INCLUDE_SOURCE;
				MTL_FAST_MATH = YES;
				ONLY_ACTIVE_ARCH = YES;
				SDKROOT = iphoneos;
				SWIFT_ACTIVE_COMPILATION_CONDITIONS = DEBUG;
				SWIFT_OPTIMIZATION_LEVEL = "-Onone";
			};
			name = Debug;
		};
		CD54C20D257C2F7700BF9275 /* Release */ = {
			isa = XCBuildConfiguration;
			buildSettings = {
				ALWAYS_SEARCH_USER_PATHS = NO;
				CLANG_ANALYZER_NONNULL = YES;
				CLANG_ANALYZER_NUMBER_OBJECT_CONVERSION = YES_AGGRESSIVE;
				CLANG_CXX_LANGUAGE_STANDARD = "gnu++14";
				CLANG_CXX_LIBRARY = "libc++";
				CLANG_ENABLE_MODULES = YES;
				CLANG_ENABLE_OBJC_ARC = YES;
				CLANG_ENABLE_OBJC_WEAK = YES;
				CLANG_WARN_BLOCK_CAPTURE_AUTORELEASING = YES;
				CLANG_WARN_BOOL_CONVERSION = YES;
				CLANG_WARN_COMMA = YES;
				CLANG_WARN_CONSTANT_CONVERSION = YES;
				CLANG_WARN_DEPRECATED_OBJC_IMPLEMENTATIONS = YES;
				CLANG_WARN_DIRECT_OBJC_ISA_USAGE = YES_ERROR;
				CLANG_WARN_DOCUMENTATION_COMMENTS = YES;
				CLANG_WARN_EMPTY_BODY = YES;
				CLANG_WARN_ENUM_CONVERSION = YES;
				CLANG_WARN_INFINITE_RECURSION = YES;
				CLANG_WARN_INT_CONVERSION = YES;
				CLANG_WARN_NON_LITERAL_NULL_CONVERSION = YES;
				CLANG_WARN_OBJC_IMPLICIT_RETAIN_SELF = YES;
				CLANG_WARN_OBJC_LITERAL_CONVERSION = YES;
				CLANG_WARN_OBJC_ROOT_CLASS = YES_ERROR;
				CLANG_WARN_QUOTED_INCLUDE_IN_FRAMEWORK_HEADER = YES;
				CLANG_WARN_RANGE_LOOP_ANALYSIS = YES;
				CLANG_WARN_STRICT_PROTOTYPES = YES;
				CLANG_WARN_SUSPICIOUS_MOVE = YES;
				CLANG_WARN_UNGUARDED_AVAILABILITY = YES_AGGRESSIVE;
				CLANG_WARN_UNREACHABLE_CODE = YES;
				CLANG_WARN__DUPLICATE_METHOD_MATCH = YES;
				COPY_PHASE_STRIP = NO;
				DEBUG_INFORMATION_FORMAT = "dwarf-with-dsym";
				ENABLE_NS_ASSERTIONS = NO;
				ENABLE_STRICT_OBJC_MSGSEND = YES;
				GCC_C_LANGUAGE_STANDARD = gnu11;
				GCC_NO_COMMON_BLOCKS = YES;
				GCC_WARN_64_TO_32_BIT_CONVERSION = YES;
				GCC_WARN_ABOUT_RETURN_TYPE = YES_ERROR;
				GCC_WARN_UNDECLARED_SELECTOR = YES;
				GCC_WARN_UNINITIALIZED_AUTOS = YES_AGGRESSIVE;
				GCC_WARN_UNUSED_FUNCTION = YES;
				GCC_WARN_UNUSED_VARIABLE = YES;
				IPHONEOS_DEPLOYMENT_TARGET = 14.2;
				MTL_ENABLE_DEBUG_INFO = NO;
				MTL_FAST_MATH = YES;
				SDKROOT = iphoneos;
				SWIFT_COMPILATION_MODE = wholemodule;
				SWIFT_OPTIMIZATION_LEVEL = "-O";
				VALIDATE_PRODUCT = YES;
			};
			name = Release;
		};
		CD54C20F257C2F7700BF9275 /* Debug */ = {
			isa = XCBuildConfiguration;
			buildSettings = {
				ASSETCATALOG_COMPILER_APPICON_NAME = AppIcon;
				ASSETCATALOG_COMPILER_GLOBAL_ACCENT_COLOR_NAME = AccentColor;
				CODE_SIGN_STYLE = Automatic;
				INFOPLIST_FILE = TodoList/Info.plist;
				LD_RUNPATH_SEARCH_PATHS = (
					"$(inherited)",
					"@executable_path/Frameworks",
				);
				PRODUCT_BUNDLE_IDENTIFIER = dev.nathan.visser.TodoList;
				PRODUCT_NAME = "$(TARGET_NAME)";
				SWIFT_VERSION = 5.0;
				TARGETED_DEVICE_FAMILY = "1,2";
			};
			name = Debug;
		};
		CD54C210257C2F7700BF9275 /* Release */ = {
			isa = XCBuildConfiguration;
			buildSettings = {
				ASSETCATALOG_COMPILER_APPICON_NAME = AppIcon;
				ASSETCATALOG_COMPILER_GLOBAL_ACCENT_COLOR_NAME = AccentColor;
				CODE_SIGN_STYLE = Automatic;
				INFOPLIST_FILE = TodoList/Info.plist;
				LD_RUNPATH_SEARCH_PATHS = (
					"$(inherited)",
					"@executable_path/Frameworks",
				);
				PRODUCT_BUNDLE_IDENTIFIER = dev.nathan.visser.TodoList;
				PRODUCT_NAME = "$(TARGET_NAME)";
				SWIFT_VERSION = 5.0;
				TARGETED_DEVICE_FAMILY = "1,2";
			};
			name = Release;
		};
/* End XCBuildConfiguration section */

/* Begin XCConfigurationList section */
		CD54C1F2257C2F7600BF9275 /* Build configuration list for PBXProject "TodoList" */ = {
			isa = XCConfigurationList;
			buildConfigurations = (
				CD54C20C257C2F7700BF9275 /* Debug */,
				CD54C20D257C2F7700BF9275 /* Release */,
			);
			defaultConfigurationIsVisible = 0;
			defaultConfigurationName = Release;
		};
		CD54C20E257C2F7700BF9275 /* Build configuration list for PBXNativeTarget "TodoList" */ = {
			isa = XCConfigurationList;
			buildConfigurations = (
				CD54C20F257C2F7700BF9275 /* Debug */,
				CD54C210257C2F7700BF9275 /* Release */,
			);
			defaultConfigurationIsVisible = 0;
			defaultConfigurationName = Release;
		};
/* End XCConfigurationList section */

/* Begin XCVersionGroup section */
		CD54C203257C2F7600BF9275 /* TodoList.xcdatamodeld */ = {
			isa = XCVersionGroup;
			children = (
				CD54C204257C2F7600BF9275 /* TodoList.xcdatamodel */,
			);
			currentVersion = CD54C204257C2F7600BF9275 /* TodoList.xcdatamodel */;
			path = TodoList.xcdatamodeld;
			sourceTree = "<group>";
			versionGroupType = wrapper.xcdatamodel;
		};
/* End XCVersionGroup section */
	};
	rootObject = CD54C1EF257C2F7600BF9275 /* Project object */;
}
